// !$*UTF8*$!
{
	archiveVersion = 1;
	classes = {
	};
	objectVersion = 55;
	objects = {

/* Begin PBXBuildFile section */
		E075072627BD1A9D00754EFB /* styles.css in Resources */ = {isa = PBXBuildFile; fileRef = E075072527BD1A9D00754EFB /* styles.css */; };
		E075072727BD1A9D00754EFB /* styles.css in Resources */ = {isa = PBXBuildFile; fileRef = E075072527BD1A9D00754EFB /* styles.css */; };
		E075073227BD3DE600754EFB /* darkORIOKS-128.png in Resources */ = {isa = PBXBuildFile; fileRef = E075072A27BD3DE600754EFB /* darkORIOKS-128.png */; };
		E075073327BD3DE600754EFB /* darkORIOKS-128.png in Resources */ = {isa = PBXBuildFile; fileRef = E075072A27BD3DE600754EFB /* darkORIOKS-128.png */; };
		E075073427BD3DE600754EFB /* darkORIOKS-16.png in Resources */ = {isa = PBXBuildFile; fileRef = E075072B27BD3DE600754EFB /* darkORIOKS-16.png */; };
		E075073527BD3DE600754EFB /* darkORIOKS-16.png in Resources */ = {isa = PBXBuildFile; fileRef = E075072B27BD3DE600754EFB /* darkORIOKS-16.png */; };
		E075073627BD3DE600754EFB /* darkORIOKS-512.png in Resources */ = {isa = PBXBuildFile; fileRef = E075072C27BD3DE600754EFB /* darkORIOKS-512.png */; };
		E075073727BD3DE600754EFB /* darkORIOKS-512.png in Resources */ = {isa = PBXBuildFile; fileRef = E075072C27BD3DE600754EFB /* darkORIOKS-512.png */; };
		E075073827BD3DE600754EFB /* darkORIOKS-64.png in Resources */ = {isa = PBXBuildFile; fileRef = E075072D27BD3DE600754EFB /* darkORIOKS-64.png */; };
		E075073927BD3DE600754EFB /* darkORIOKS-64.png in Resources */ = {isa = PBXBuildFile; fileRef = E075072D27BD3DE600754EFB /* darkORIOKS-64.png */; };
		E075073A27BD3DE600754EFB /* darkORIOKS-1024.png in Resources */ = {isa = PBXBuildFile; fileRef = E075072E27BD3DE600754EFB /* darkORIOKS-1024.png */; };
		E075073B27BD3DE600754EFB /* darkORIOKS-1024.png in Resources */ = {isa = PBXBuildFile; fileRef = E075072E27BD3DE600754EFB /* darkORIOKS-1024.png */; };
		E075073E27BD3DE600754EFB /* darkORIOKS-32.png in Resources */ = {isa = PBXBuildFile; fileRef = E075073027BD3DE600754EFB /* darkORIOKS-32.png */; };
		E075073F27BD3DE600754EFB /* darkORIOKS-32.png in Resources */ = {isa = PBXBuildFile; fileRef = E075073027BD3DE600754EFB /* darkORIOKS-32.png */; };
		E075074027BD3DE600754EFB /* darkORIOKS-256.png in Resources */ = {isa = PBXBuildFile; fileRef = E075073127BD3DE600754EFB /* darkORIOKS-256.png */; };
		E075074127BD3DE600754EFB /* darkORIOKS-256.png in Resources */ = {isa = PBXBuildFile; fileRef = E075073127BD3DE600754EFB /* darkORIOKS-256.png */; };
		E075075427BD3E6C00754EFB /* darkORIOKS iOS-29.png in Resources */ = {isa = PBXBuildFile; fileRef = E075074427BD3E6C00754EFB /* darkORIOKS iOS-29.png */; };
		E075075527BD3E6C00754EFB /* darkORIOKS iOS-29.png in Resources */ = {isa = PBXBuildFile; fileRef = E075074427BD3E6C00754EFB /* darkORIOKS iOS-29.png */; };
		E075075627BD3E6C00754EFB /* darkORIOKS iOS-29.png in Resources */ = {isa = PBXBuildFile; fileRef = E075074427BD3E6C00754EFB /* darkORIOKS iOS-29.png */; };
		E075075727BD3E6C00754EFB /* darkORIOKS iOS-29.png in Resources */ = {isa = PBXBuildFile; fileRef = E075074427BD3E6C00754EFB /* darkORIOKS iOS-29.png */; };
		E075075827BD3E6C00754EFB /* darkORIOKS iOS-20@3x.png in Resources */ = {isa = PBXBuildFile; fileRef = E075074527BD3E6C00754EFB /* darkORIOKS iOS-20@3x.png */; };
		E075075927BD3E6C00754EFB /* darkORIOKS iOS-20@3x.png in Resources */ = {isa = PBXBuildFile; fileRef = E075074527BD3E6C00754EFB /* darkORIOKS iOS-20@3x.png */; };
		E075075A27BD3E6C00754EFB /* darkORIOKS iOS-20@3x.png in Resources */ = {isa = PBXBuildFile; fileRef = E075074527BD3E6C00754EFB /* darkORIOKS iOS-20@3x.png */; };
		E075075B27BD3E6C00754EFB /* darkORIOKS iOS-20@3x.png in Resources */ = {isa = PBXBuildFile; fileRef = E075074527BD3E6C00754EFB /* darkORIOKS iOS-20@3x.png */; };
		E075075C27BD3E6C00754EFB /* darkORIOKS iOS-20@2x.png in Resources */ = {isa = PBXBuildFile; fileRef = E075074627BD3E6C00754EFB /* darkORIOKS iOS-20@2x.png */; };
		E075075D27BD3E6C00754EFB /* darkORIOKS iOS-20@2x.png in Resources */ = {isa = PBXBuildFile; fileRef = E075074627BD3E6C00754EFB /* darkORIOKS iOS-20@2x.png */; };
		E075075E27BD3E6C00754EFB /* darkORIOKS iOS-20@2x.png in Resources */ = {isa = PBXBuildFile; fileRef = E075074627BD3E6C00754EFB /* darkORIOKS iOS-20@2x.png */; };
		E075075F27BD3E6C00754EFB /* darkORIOKS iOS-20@2x.png in Resources */ = {isa = PBXBuildFile; fileRef = E075074627BD3E6C00754EFB /* darkORIOKS iOS-20@2x.png */; };
		E075076027BD3E6C00754EFB /* darkORIOKS iOS-76.png in Resources */ = {isa = PBXBuildFile; fileRef = E075074727BD3E6C00754EFB /* darkORIOKS iOS-76.png */; };
		E075076127BD3E6C00754EFB /* darkORIOKS iOS-76.png in Resources */ = {isa = PBXBuildFile; fileRef = E075074727BD3E6C00754EFB /* darkORIOKS iOS-76.png */; };
		E075076227BD3E6C00754EFB /* darkORIOKS iOS-76.png in Resources */ = {isa = PBXBuildFile; fileRef = E075074727BD3E6C00754EFB /* darkORIOKS iOS-76.png */; };
		E075076327BD3E6C00754EFB /* darkORIOKS iOS-76.png in Resources */ = {isa = PBXBuildFile; fileRef = E075074727BD3E6C00754EFB /* darkORIOKS iOS-76.png */; };
		E075076427BD3E6C00754EFB /* darkORIOKS iOS-76@2x.png in Resources */ = {isa = PBXBuildFile; fileRef = E075074827BD3E6C00754EFB /* darkORIOKS iOS-76@2x.png */; };
		E075076527BD3E6C00754EFB /* darkORIOKS iOS-76@2x.png in Resources */ = {isa = PBXBuildFile; fileRef = E075074827BD3E6C00754EFB /* darkORIOKS iOS-76@2x.png */; };
		E075076627BD3E6C00754EFB /* darkORIOKS iOS-76@2x.png in Resources */ = {isa = PBXBuildFile; fileRef = E075074827BD3E6C00754EFB /* darkORIOKS iOS-76@2x.png */; };
		E075076727BD3E6C00754EFB /* darkORIOKS iOS-76@2x.png in Resources */ = {isa = PBXBuildFile; fileRef = E075074827BD3E6C00754EFB /* darkORIOKS iOS-76@2x.png */; };
		E075076827BD3E6C00754EFB /* darkORIOKS iOS-40@2x.png in Resources */ = {isa = PBXBuildFile; fileRef = E075074927BD3E6C00754EFB /* darkORIOKS iOS-40@2x.png */; };
		E075076927BD3E6C00754EFB /* darkORIOKS iOS-40@2x.png in Resources */ = {isa = PBXBuildFile; fileRef = E075074927BD3E6C00754EFB /* darkORIOKS iOS-40@2x.png */; };
		E075076A27BD3E6C00754EFB /* darkORIOKS iOS-40@2x.png in Resources */ = {isa = PBXBuildFile; fileRef = E075074927BD3E6C00754EFB /* darkORIOKS iOS-40@2x.png */; };
		E075076B27BD3E6C00754EFB /* darkORIOKS iOS-40@2x.png in Resources */ = {isa = PBXBuildFile; fileRef = E075074927BD3E6C00754EFB /* darkORIOKS iOS-40@2x.png */; };
		E075076C27BD3E6C00754EFB /* darkORIOKS iOS-1024.png in Resources */ = {isa = PBXBuildFile; fileRef = E075074A27BD3E6C00754EFB /* darkORIOKS iOS-1024.png */; };
		E075076D27BD3E6C00754EFB /* darkORIOKS iOS-1024.png in Resources */ = {isa = PBXBuildFile; fileRef = E075074A27BD3E6C00754EFB /* darkORIOKS iOS-1024.png */; };
		E075076E27BD3E6C00754EFB /* darkORIOKS iOS-1024.png in Resources */ = {isa = PBXBuildFile; fileRef = E075074A27BD3E6C00754EFB /* darkORIOKS iOS-1024.png */; };
		E075076F27BD3E6C00754EFB /* darkORIOKS iOS-1024.png in Resources */ = {isa = PBXBuildFile; fileRef = E075074A27BD3E6C00754EFB /* darkORIOKS iOS-1024.png */; };
		E075077027BD3E6C00754EFB /* darkORIOKS iOS-40.png in Resources */ = {isa = PBXBuildFile; fileRef = E075074B27BD3E6C00754EFB /* darkORIOKS iOS-40.png */; };
		E075077127BD3E6C00754EFB /* darkORIOKS iOS-40.png in Resources */ = {isa = PBXBuildFile; fileRef = E075074B27BD3E6C00754EFB /* darkORIOKS iOS-40.png */; };
		E075077227BD3E6C00754EFB /* darkORIOKS iOS-40.png in Resources */ = {isa = PBXBuildFile; fileRef = E075074B27BD3E6C00754EFB /* darkORIOKS iOS-40.png */; };
		E075077327BD3E6C00754EFB /* darkORIOKS iOS-40.png in Resources */ = {isa = PBXBuildFile; fileRef = E075074B27BD3E6C00754EFB /* darkORIOKS iOS-40.png */; };
		E075077427BD3E6C00754EFB /* darkORIOKS iOS-83.5@2x.png in Resources */ = {isa = PBXBuildFile; fileRef = E075074C27BD3E6C00754EFB /* darkORIOKS iOS-83.5@2x.png */; };
		E075077527BD3E6C00754EFB /* darkORIOKS iOS-83.5@2x.png in Resources */ = {isa = PBXBuildFile; fileRef = E075074C27BD3E6C00754EFB /* darkORIOKS iOS-83.5@2x.png */; };
		E075077627BD3E6C00754EFB /* darkORIOKS iOS-83.5@2x.png in Resources */ = {isa = PBXBuildFile; fileRef = E075074C27BD3E6C00754EFB /* darkORIOKS iOS-83.5@2x.png */; };
		E075077727BD3E6C00754EFB /* darkORIOKS iOS-83.5@2x.png in Resources */ = {isa = PBXBuildFile; fileRef = E075074C27BD3E6C00754EFB /* darkORIOKS iOS-83.5@2x.png */; };
		E075077C27BD3E6C00754EFB /* darkORIOKS iOS-40@3x.png in Resources */ = {isa = PBXBuildFile; fileRef = E075074E27BD3E6C00754EFB /* darkORIOKS iOS-40@3x.png */; };
		E075077D27BD3E6C00754EFB /* darkORIOKS iOS-40@3x.png in Resources */ = {isa = PBXBuildFile; fileRef = E075074E27BD3E6C00754EFB /* darkORIOKS iOS-40@3x.png */; };
		E075077E27BD3E6C00754EFB /* darkORIOKS iOS-40@3x.png in Resources */ = {isa = PBXBuildFile; fileRef = E075074E27BD3E6C00754EFB /* darkORIOKS iOS-40@3x.png */; };
		E075077F27BD3E6C00754EFB /* darkORIOKS iOS-40@3x.png in Resources */ = {isa = PBXBuildFile; fileRef = E075074E27BD3E6C00754EFB /* darkORIOKS iOS-40@3x.png */; };
		E075078027BD3E6C00754EFB /* darkORIOKS iOS-20.png in Resources */ = {isa = PBXBuildFile; fileRef = E075074F27BD3E6C00754EFB /* darkORIOKS iOS-20.png */; };
		E075078127BD3E6C00754EFB /* darkORIOKS iOS-20.png in Resources */ = {isa = PBXBuildFile; fileRef = E075074F27BD3E6C00754EFB /* darkORIOKS iOS-20.png */; };
		E075078227BD3E6C00754EFB /* darkORIOKS iOS-20.png in Resources */ = {isa = PBXBuildFile; fileRef = E075074F27BD3E6C00754EFB /* darkORIOKS iOS-20.png */; };
		E075078327BD3E6C00754EFB /* darkORIOKS iOS-20.png in Resources */ = {isa = PBXBuildFile; fileRef = E075074F27BD3E6C00754EFB /* darkORIOKS iOS-20.png */; };
		E075078427BD3E6C00754EFB /* darkORIOKS iOS-60@3x.png in Resources */ = {isa = PBXBuildFile; fileRef = E075075027BD3E6C00754EFB /* darkORIOKS iOS-60@3x.png */; };
		E075078527BD3E6C00754EFB /* darkORIOKS iOS-60@3x.png in Resources */ = {isa = PBXBuildFile; fileRef = E075075027BD3E6C00754EFB /* darkORIOKS iOS-60@3x.png */; };
		E075078627BD3E6C00754EFB /* darkORIOKS iOS-60@3x.png in Resources */ = {isa = PBXBuildFile; fileRef = E075075027BD3E6C00754EFB /* darkORIOKS iOS-60@3x.png */; };
		E075078727BD3E6C00754EFB /* darkORIOKS iOS-60@3x.png in Resources */ = {isa = PBXBuildFile; fileRef = E075075027BD3E6C00754EFB /* darkORIOKS iOS-60@3x.png */; };
		E075078827BD3E6C00754EFB /* darkORIOKS iOS-29@2x.png in Resources */ = {isa = PBXBuildFile; fileRef = E075075127BD3E6C00754EFB /* darkORIOKS iOS-29@2x.png */; };
		E075078927BD3E6C00754EFB /* darkORIOKS iOS-29@2x.png in Resources */ = {isa = PBXBuildFile; fileRef = E075075127BD3E6C00754EFB /* darkORIOKS iOS-29@2x.png */; };
		E075078A27BD3E6C00754EFB /* darkORIOKS iOS-29@2x.png in Resources */ = {isa = PBXBuildFile; fileRef = E075075127BD3E6C00754EFB /* darkORIOKS iOS-29@2x.png */; };
		E075078B27BD3E6C00754EFB /* darkORIOKS iOS-29@2x.png in Resources */ = {isa = PBXBuildFile; fileRef = E075075127BD3E6C00754EFB /* darkORIOKS iOS-29@2x.png */; };
		E075078C27BD3E6C00754EFB /* darkORIOKS iOS-29@3x.png in Resources */ = {isa = PBXBuildFile; fileRef = E075075227BD3E6C00754EFB /* darkORIOKS iOS-29@3x.png */; };
		E075078D27BD3E6C00754EFB /* darkORIOKS iOS-29@3x.png in Resources */ = {isa = PBXBuildFile; fileRef = E075075227BD3E6C00754EFB /* darkORIOKS iOS-29@3x.png */; };
		E075078E27BD3E6C00754EFB /* darkORIOKS iOS-29@3x.png in Resources */ = {isa = PBXBuildFile; fileRef = E075075227BD3E6C00754EFB /* darkORIOKS iOS-29@3x.png */; };
		E075078F27BD3E6C00754EFB /* darkORIOKS iOS-29@3x.png in Resources */ = {isa = PBXBuildFile; fileRef = E075075227BD3E6C00754EFB /* darkORIOKS iOS-29@3x.png */; };
		E075079027BD3E6C00754EFB /* darkORIOKS iOS-60@2x.png in Resources */ = {isa = PBXBuildFile; fileRef = E075075327BD3E6C00754EFB /* darkORIOKS iOS-60@2x.png */; };
		E075079127BD3E6C00754EFB /* darkORIOKS iOS-60@2x.png in Resources */ = {isa = PBXBuildFile; fileRef = E075075327BD3E6C00754EFB /* darkORIOKS iOS-60@2x.png */; };
		E075079227BD3E6C00754EFB /* darkORIOKS iOS-60@2x.png in Resources */ = {isa = PBXBuildFile; fileRef = E075075327BD3E6C00754EFB /* darkORIOKS iOS-60@2x.png */; };
		E075079327BD3E6C00754EFB /* darkORIOKS iOS-60@2x.png in Resources */ = {isa = PBXBuildFile; fileRef = E075075327BD3E6C00754EFB /* darkORIOKS iOS-60@2x.png */; };
		E075079427BD3E7500754EFB /* darkORIOKS-128.png in Resources */ = {isa = PBXBuildFile; fileRef = E075072A27BD3DE600754EFB /* darkORIOKS-128.png */; };
		E075079527BD3E7E00754EFB /* darkORIOKS-64.png in Resources */ = {isa = PBXBuildFile; fileRef = E075072D27BD3DE600754EFB /* darkORIOKS-64.png */; };
		E075079627BD3E7E00754EFB /* darkORIOKS-512.png in Resources */ = {isa = PBXBuildFile; fileRef = E075072C27BD3DE600754EFB /* darkORIOKS-512.png */; };
		E075079727BD3E7E00754EFB /* darkORIOKS-1024.png in Resources */ = {isa = PBXBuildFile; fileRef = E075072E27BD3DE600754EFB /* darkORIOKS-1024.png */; };
		E075079827BD3E7E00754EFB /* darkORIOKS-256.png in Resources */ = {isa = PBXBuildFile; fileRef = E075073127BD3DE600754EFB /* darkORIOKS-256.png */; };
		E075079927BD3E7E00754EFB /* darkORIOKS-16.png in Resources */ = {isa = PBXBuildFile; fileRef = E075072B27BD3DE600754EFB /* darkORIOKS-16.png */; };
		E075079B27BD3E7E00754EFB /* darkORIOKS-32.png in Resources */ = {isa = PBXBuildFile; fileRef = E075073027BD3DE600754EFB /* darkORIOKS-32.png */; };
		E075079D27BD3EFA00754EFB /* darkORIOKS-256x3.png in Resources */ = {isa = PBXBuildFile; fileRef = E075079C27BD3EFA00754EFB /* darkORIOKS-256x3.png */; };
		E075079E27BD3EFA00754EFB /* darkORIOKS-256x3.png in Resources */ = {isa = PBXBuildFile; fileRef = E075079C27BD3EFA00754EFB /* darkORIOKS-256x3.png */; };
		E075079F27BD3EFA00754EFB /* darkORIOKS-256x3.png in Resources */ = {isa = PBXBuildFile; fileRef = E075079C27BD3EFA00754EFB /* darkORIOKS-256x3.png */; };
		E07507A027BD3EFA00754EFB /* darkORIOKS-256x3.png in Resources */ = {isa = PBXBuildFile; fileRef = E075079C27BD3EFA00754EFB /* darkORIOKS-256x3.png */; };
		E08CDC5D27BD4DC90022F98F /* manifest.json in Resources */ = {isa = PBXBuildFile; fileRef = E0EA0CFF27BD0A6600F8DF36 /* manifest.json */; };
		E08CDC5E27BD4DCA0022F98F /* manifest.json in Resources */ = {isa = PBXBuildFile; fileRef = E0EA0CFF27BD0A6600F8DF36 /* manifest.json */; };
		E0EA0D0D27BD0A6600F8DF36 /* AppDelegate.swift in Sources */ = {isa = PBXBuildFile; fileRef = E0EA0D0C27BD0A6600F8DF36 /* AppDelegate.swift */; };
		E0EA0D0F27BD0A6600F8DF36 /* SceneDelegate.swift in Sources */ = {isa = PBXBuildFile; fileRef = E0EA0D0E27BD0A6600F8DF36 /* SceneDelegate.swift */; };
		E0EA0D1227BD0A6600F8DF36 /* LaunchScreen.storyboard in Resources */ = {isa = PBXBuildFile; fileRef = E0EA0D1027BD0A6600F8DF36 /* LaunchScreen.storyboard */; };
		E0EA0D1527BD0A6600F8DF36 /* Main.storyboard in Resources */ = {isa = PBXBuildFile; fileRef = E0EA0D1327BD0A6600F8DF36 /* Main.storyboard */; };
		E0EA0D1E27BD0A6600F8DF36 /* AppDelegate.swift in Sources */ = {isa = PBXBuildFile; fileRef = E0EA0D1D27BD0A6600F8DF36 /* AppDelegate.swift */; };
		E0EA0D2127BD0A6600F8DF36 /* Main.storyboard in Resources */ = {isa = PBXBuildFile; fileRef = E0EA0D1F27BD0A6600F8DF36 /* Main.storyboard */; };
		E0EA0D2827BD0A6600F8DF36 /* NightlyORIOKS Extension.appex in Embed App Extensions */ = {isa = PBXBuildFile; fileRef = E0EA0D2727BD0A6600F8DF36 /* NightlyORIOKS Extension.appex */; settings = {ATTRIBUTES = (RemoveHeadersOnCopy, ); }; };
		E0EA0D3227BD0A6600F8DF36 /* NightlyORIOKS Extension.appex in Embed App Extensions */ = {isa = PBXBuildFile; fileRef = E0EA0D3127BD0A6600F8DF36 /* NightlyORIOKS Extension.appex */; settings = {ATTRIBUTES = (RemoveHeadersOnCopy, ); }; };
		E0EA0D3827BD0A6600F8DF36 /* Main.html in Resources */ = {isa = PBXBuildFile; fileRef = E0EA0CF327BD0A6400F8DF36 /* Main.html */; };
		E0EA0D3927BD0A6600F8DF36 /* Main.html in Resources */ = {isa = PBXBuildFile; fileRef = E0EA0CF327BD0A6400F8DF36 /* Main.html */; };
		E0EA0D3A27BD0A6600F8DF36 /* Icon.png in Resources */ = {isa = PBXBuildFile; fileRef = E0EA0CF527BD0A6400F8DF36 /* Icon.png */; };
		E0EA0D3B27BD0A6600F8DF36 /* Icon.png in Resources */ = {isa = PBXBuildFile; fileRef = E0EA0CF527BD0A6400F8DF36 /* Icon.png */; };
		E0EA0D3C27BD0A6600F8DF36 /* Style.css in Resources */ = {isa = PBXBuildFile; fileRef = E0EA0CF627BD0A6400F8DF36 /* Style.css */; };
		E0EA0D3D27BD0A6600F8DF36 /* Style.css in Resources */ = {isa = PBXBuildFile; fileRef = E0EA0CF627BD0A6400F8DF36 /* Style.css */; };
		E0EA0D3E27BD0A6600F8DF36 /* Script.js in Resources */ = {isa = PBXBuildFile; fileRef = E0EA0CF727BD0A6400F8DF36 /* Script.js */; };
		E0EA0D3F27BD0A6600F8DF36 /* Script.js in Resources */ = {isa = PBXBuildFile; fileRef = E0EA0CF727BD0A6400F8DF36 /* Script.js */; };
		E0EA0D4027BD0A6600F8DF36 /* ViewController.swift in Sources */ = {isa = PBXBuildFile; fileRef = E0EA0CF827BD0A6400F8DF36 /* ViewController.swift */; };
		E0EA0D4127BD0A6600F8DF36 /* ViewController.swift in Sources */ = {isa = PBXBuildFile; fileRef = E0EA0CF827BD0A6400F8DF36 /* ViewController.swift */; };
		E0EA0D4227BD0A6600F8DF36 /* Assets.xcassets in Resources */ = {isa = PBXBuildFile; fileRef = E0EA0CF927BD0A6600F8DF36 /* Assets.xcassets */; };
		E0EA0D4327BD0A6600F8DF36 /* Assets.xcassets in Resources */ = {isa = PBXBuildFile; fileRef = E0EA0CF927BD0A6600F8DF36 /* Assets.xcassets */; };
		E0EA0D4427BD0A6600F8DF36 /* SafariWebExtensionHandler.swift in Sources */ = {isa = PBXBuildFile; fileRef = E0EA0CFB27BD0A6600F8DF36 /* SafariWebExtensionHandler.swift */; };
		E0EA0D4527BD0A6600F8DF36 /* SafariWebExtensionHandler.swift in Sources */ = {isa = PBXBuildFile; fileRef = E0EA0CFB27BD0A6600F8DF36 /* SafariWebExtensionHandler.swift */; };
		E0EA0D4627BD0A6600F8DF36 /* _locales in Resources */ = {isa = PBXBuildFile; fileRef = E0EA0CFD27BD0A6600F8DF36 /* _locales */; };
		E0EA0D4727BD0A6600F8DF36 /* _locales in Resources */ = {isa = PBXBuildFile; fileRef = E0EA0CFD27BD0A6600F8DF36 /* _locales */; };
		E0EA0D4827BD0A6600F8DF36 /* images in Resources */ = {isa = PBXBuildFile; fileRef = E0EA0CFE27BD0A6600F8DF36 /* images */; };
		E0EA0D4927BD0A6600F8DF36 /* images in Resources */ = {isa = PBXBuildFile; fileRef = E0EA0CFE27BD0A6600F8DF36 /* images */; };
		E0EA0D4A27BD0A6600F8DF36 /* manifest.json in Resources */ = {isa = PBXBuildFile; fileRef = E0EA0CFF27BD0A6600F8DF36 /* manifest.json */; };
		E0EA0D4B27BD0A6600F8DF36 /* manifest.json in Resources */ = {isa = PBXBuildFile; fileRef = E0EA0CFF27BD0A6600F8DF36 /* manifest.json */; };
		E0EA0D4C27BD0A6600F8DF36 /* background.js in Resources */ = {isa = PBXBuildFile; fileRef = E0EA0D0027BD0A6600F8DF36 /* background.js */; };
		E0EA0D4D27BD0A6600F8DF36 /* background.js in Resources */ = {isa = PBXBuildFile; fileRef = E0EA0D0027BD0A6600F8DF36 /* background.js */; };
		E0EA0D4E27BD0A6600F8DF36 /* content.js in Resources */ = {isa = PBXBuildFile; fileRef = E0EA0D0127BD0A6600F8DF36 /* content.js */; };
		E0EA0D4F27BD0A6600F8DF36 /* content.js in Resources */ = {isa = PBXBuildFile; fileRef = E0EA0D0127BD0A6600F8DF36 /* content.js */; };
		E0EA0D5027BD0A6600F8DF36 /* popup.html in Resources */ = {isa = PBXBuildFile; fileRef = E0EA0D0227BD0A6600F8DF36 /* popup.html */; };
		E0EA0D5127BD0A6600F8DF36 /* popup.html in Resources */ = {isa = PBXBuildFile; fileRef = E0EA0D0227BD0A6600F8DF36 /* popup.html */; };
		E0EA0D5227BD0A6600F8DF36 /* popup.css in Resources */ = {isa = PBXBuildFile; fileRef = E0EA0D0327BD0A6600F8DF36 /* popup.css */; };
		E0EA0D5327BD0A6600F8DF36 /* popup.css in Resources */ = {isa = PBXBuildFile; fileRef = E0EA0D0327BD0A6600F8DF36 /* popup.css */; };
		E0EA0D5427BD0A6600F8DF36 /* popup.js in Resources */ = {isa = PBXBuildFile; fileRef = E0EA0D0427BD0A6600F8DF36 /* popup.js */; };
		E0EA0D5527BD0A6700F8DF36 /* popup.js in Resources */ = {isa = PBXBuildFile; fileRef = E0EA0D0427BD0A6600F8DF36 /* popup.js */; };
/* End PBXBuildFile section */

/* Begin PBXContainerItemProxy section */
		E0EA0D2927BD0A6600F8DF36 /* PBXContainerItemProxy */ = {
			isa = PBXContainerItemProxy;
			containerPortal = E0EA0CED27BD0A6400F8DF36 /* Project object */;
			proxyType = 1;
			remoteGlobalIDString = E0EA0D2627BD0A6600F8DF36;
			remoteInfo = "DarkOrioks Extension (iOS)";
		};
		E0EA0D3327BD0A6600F8DF36 /* PBXContainerItemProxy */ = {
			isa = PBXContainerItemProxy;
			containerPortal = E0EA0CED27BD0A6400F8DF36 /* Project object */;
			proxyType = 1;
			remoteGlobalIDString = E0EA0D3027BD0A6600F8DF36;
			remoteInfo = "DarkOrioks Extension (macOS)";
		};
/* End PBXContainerItemProxy section */

/* Begin PBXCopyFilesBuildPhase section */
		E0EA0D5B27BD0A6700F8DF36 /* Embed App Extensions */ = {
			isa = PBXCopyFilesBuildPhase;
			buildActionMask = 2147483647;
			dstPath = "";
			dstSubfolderSpec = 13;
			files = (
				E0EA0D2827BD0A6600F8DF36 /* NightlyORIOKS Extension.appex in Embed App Extensions */,
			);
			name = "Embed App Extensions";
			runOnlyForDeploymentPostprocessing = 0;
		};
		E0EA0D6227BD0A6700F8DF36 /* Embed App Extensions */ = {
			isa = PBXCopyFilesBuildPhase;
			buildActionMask = 2147483647;
			dstPath = "";
			dstSubfolderSpec = 13;
			files = (
				E0EA0D3227BD0A6600F8DF36 /* NightlyORIOKS Extension.appex in Embed App Extensions */,
			);
			name = "Embed App Extensions";
			runOnlyForDeploymentPostprocessing = 0;
		};
/* End PBXCopyFilesBuildPhase section */

/* Begin PBXFileReference section */
		E075072527BD1A9D00754EFB /* styles.css */ = {isa = PBXFileReference; fileEncoding = 4; lastKnownFileType = text.css; path = styles.css; sourceTree = "<group>"; };
		E075072A27BD3DE600754EFB /* darkORIOKS-128.png */ = {isa = PBXFileReference; lastKnownFileType = image.png; path = "darkORIOKS-128.png"; sourceTree = "<group>"; };
		E075072B27BD3DE600754EFB /* darkORIOKS-16.png */ = {isa = PBXFileReference; lastKnownFileType = image.png; path = "darkORIOKS-16.png"; sourceTree = "<group>"; };
		E075072C27BD3DE600754EFB /* darkORIOKS-512.png */ = {isa = PBXFileReference; lastKnownFileType = image.png; path = "darkORIOKS-512.png"; sourceTree = "<group>"; };
		E075072D27BD3DE600754EFB /* darkORIOKS-64.png */ = {isa = PBXFileReference; lastKnownFileType = image.png; path = "darkORIOKS-64.png"; sourceTree = "<group>"; };
		E075072E27BD3DE600754EFB /* darkORIOKS-1024.png */ = {isa = PBXFileReference; lastKnownFileType = image.png; path = "darkORIOKS-1024.png"; sourceTree = "<group>"; };
		E075073027BD3DE600754EFB /* darkORIOKS-32.png */ = {isa = PBXFileReference; lastKnownFileType = image.png; path = "darkORIOKS-32.png"; sourceTree = "<group>"; };
		E075073127BD3DE600754EFB /* darkORIOKS-256.png */ = {isa = PBXFileReference; lastKnownFileType = image.png; path = "darkORIOKS-256.png"; sourceTree = "<group>"; };
		E075074427BD3E6C00754EFB /* darkORIOKS iOS-29.png */ = {isa = PBXFileReference; lastKnownFileType = image.png; path = "darkORIOKS iOS-29.png"; sourceTree = "<group>"; };
		E075074527BD3E6C00754EFB /* darkORIOKS iOS-20@3x.png */ = {isa = PBXFileReference; lastKnownFileType = image.png; path = "darkORIOKS iOS-20@3x.png"; sourceTree = "<group>"; };
		E075074627BD3E6C00754EFB /* darkORIOKS iOS-20@2x.png */ = {isa = PBXFileReference; lastKnownFileType = image.png; path = "darkORIOKS iOS-20@2x.png"; sourceTree = "<group>"; };
		E075074727BD3E6C00754EFB /* darkORIOKS iOS-76.png */ = {isa = PBXFileReference; lastKnownFileType = image.png; path = "darkORIOKS iOS-76.png"; sourceTree = "<group>"; };
		E075074827BD3E6C00754EFB /* darkORIOKS iOS-76@2x.png */ = {isa = PBXFileReference; lastKnownFileType = image.png; path = "darkORIOKS iOS-76@2x.png"; sourceTree = "<group>"; };
		E075074927BD3E6C00754EFB /* darkORIOKS iOS-40@2x.png */ = {isa = PBXFileReference; lastKnownFileType = image.png; path = "darkORIOKS iOS-40@2x.png"; sourceTree = "<group>"; };
		E075074A27BD3E6C00754EFB /* darkORIOKS iOS-1024.png */ = {isa = PBXFileReference; lastKnownFileType = image.png; path = "darkORIOKS iOS-1024.png"; sourceTree = "<group>"; };
		E075074B27BD3E6C00754EFB /* darkORIOKS iOS-40.png */ = {isa = PBXFileReference; lastKnownFileType = image.png; path = "darkORIOKS iOS-40.png"; sourceTree = "<group>"; };
		E075074C27BD3E6C00754EFB /* darkORIOKS iOS-83.5@2x.png */ = {isa = PBXFileReference; lastKnownFileType = image.png; path = "darkORIOKS iOS-83.5@2x.png"; sourceTree = "<group>"; };
		E075074E27BD3E6C00754EFB /* darkORIOKS iOS-40@3x.png */ = {isa = PBXFileReference; lastKnownFileType = image.png; path = "darkORIOKS iOS-40@3x.png"; sourceTree = "<group>"; };
		E075074F27BD3E6C00754EFB /* darkORIOKS iOS-20.png */ = {isa = PBXFileReference; lastKnownFileType = image.png; path = "darkORIOKS iOS-20.png"; sourceTree = "<group>"; };
		E075075027BD3E6C00754EFB /* darkORIOKS iOS-60@3x.png */ = {isa = PBXFileReference; lastKnownFileType = image.png; path = "darkORIOKS iOS-60@3x.png"; sourceTree = "<group>"; };
		E075075127BD3E6C00754EFB /* darkORIOKS iOS-29@2x.png */ = {isa = PBXFileReference; lastKnownFileType = image.png; path = "darkORIOKS iOS-29@2x.png"; sourceTree = "<group>"; };
		E075075227BD3E6C00754EFB /* darkORIOKS iOS-29@3x.png */ = {isa = PBXFileReference; lastKnownFileType = image.png; path = "darkORIOKS iOS-29@3x.png"; sourceTree = "<group>"; };
		E075075327BD3E6C00754EFB /* darkORIOKS iOS-60@2x.png */ = {isa = PBXFileReference; lastKnownFileType = image.png; path = "darkORIOKS iOS-60@2x.png"; sourceTree = "<group>"; };
		E075079C27BD3EFA00754EFB /* darkORIOKS-256x3.png */ = {isa = PBXFileReference; lastKnownFileType = image.png; path = "darkORIOKS-256x3.png"; sourceTree = "<group>"; };
		E0EA0CF427BD0A6400F8DF36 /* Base */ = {isa = PBXFileReference; lastKnownFileType = text.html; name = Base; path = ../Base.lproj/Main.html; sourceTree = "<group>"; };
		E0EA0CF527BD0A6400F8DF36 /* Icon.png */ = {isa = PBXFileReference; lastKnownFileType = image.png; path = Icon.png; sourceTree = "<group>"; };
		E0EA0CF627BD0A6400F8DF36 /* Style.css */ = {isa = PBXFileReference; lastKnownFileType = text.css; path = Style.css; sourceTree = "<group>"; };
		E0EA0CF727BD0A6400F8DF36 /* Script.js */ = {isa = PBXFileReference; lastKnownFileType = sourcecode.javascript; path = Script.js; sourceTree = "<group>"; };
		E0EA0CF827BD0A6400F8DF36 /* ViewController.swift */ = {isa = PBXFileReference; lastKnownFileType = sourcecode.swift; path = ViewController.swift; sourceTree = "<group>"; };
		E0EA0CF927BD0A6600F8DF36 /* Assets.xcassets */ = {isa = PBXFileReference; lastKnownFileType = folder.assetcatalog; path = Assets.xcassets; sourceTree = "<group>"; };
		E0EA0CFB27BD0A6600F8DF36 /* SafariWebExtensionHandler.swift */ = {isa = PBXFileReference; lastKnownFileType = sourcecode.swift; path = SafariWebExtensionHandler.swift; sourceTree = "<group>"; };
		E0EA0CFD27BD0A6600F8DF36 /* _locales */ = {isa = PBXFileReference; lastKnownFileType = folder; path = _locales; sourceTree = "<group>"; };
		E0EA0CFE27BD0A6600F8DF36 /* images */ = {isa = PBXFileReference; lastKnownFileType = folder; path = images; sourceTree = "<group>"; };
		E0EA0CFF27BD0A6600F8DF36 /* manifest.json */ = {isa = PBXFileReference; lastKnownFileType = text.json; path = manifest.json; sourceTree = "<group>"; };
		E0EA0D0027BD0A6600F8DF36 /* background.js */ = {isa = PBXFileReference; lastKnownFileType = sourcecode.javascript; path = background.js; sourceTree = "<group>"; };
		E0EA0D0127BD0A6600F8DF36 /* content.js */ = {isa = PBXFileReference; lastKnownFileType = sourcecode.javascript; path = content.js; sourceTree = "<group>"; };
		E0EA0D0227BD0A6600F8DF36 /* popup.html */ = {isa = PBXFileReference; lastKnownFileType = text.html; path = popup.html; sourceTree = "<group>"; };
		E0EA0D0327BD0A6600F8DF36 /* popup.css */ = {isa = PBXFileReference; lastKnownFileType = text.css; path = popup.css; sourceTree = "<group>"; };
		E0EA0D0427BD0A6600F8DF36 /* popup.js */ = {isa = PBXFileReference; lastKnownFileType = sourcecode.javascript; path = popup.js; sourceTree = "<group>"; };
		E0EA0D0927BD0A6600F8DF36 /* NightlyORIOKS.app */ = {isa = PBXFileReference; explicitFileType = wrapper.application; includeInIndex = 0; path = NightlyORIOKS.app; sourceTree = BUILT_PRODUCTS_DIR; };
		E0EA0D0C27BD0A6600F8DF36 /* AppDelegate.swift */ = {isa = PBXFileReference; lastKnownFileType = sourcecode.swift; path = AppDelegate.swift; sourceTree = "<group>"; };
		E0EA0D0E27BD0A6600F8DF36 /* SceneDelegate.swift */ = {isa = PBXFileReference; lastKnownFileType = sourcecode.swift; path = SceneDelegate.swift; sourceTree = "<group>"; };
		E0EA0D1127BD0A6600F8DF36 /* Base */ = {isa = PBXFileReference; lastKnownFileType = file.storyboard; name = Base; path = Base.lproj/LaunchScreen.storyboard; sourceTree = "<group>"; };
		E0EA0D1427BD0A6600F8DF36 /* Base */ = {isa = PBXFileReference; lastKnownFileType = file.storyboard; name = Base; path = Base.lproj/Main.storyboard; sourceTree = "<group>"; };
		E0EA0D1627BD0A6600F8DF36 /* Info.plist */ = {isa = PBXFileReference; lastKnownFileType = text.plist.xml; path = Info.plist; sourceTree = "<group>"; };
		E0EA0D1B27BD0A6600F8DF36 /* NightlyORIOKS.app */ = {isa = PBXFileReference; explicitFileType = wrapper.application; includeInIndex = 0; path = NightlyORIOKS.app; sourceTree = BUILT_PRODUCTS_DIR; };
		E0EA0D1D27BD0A6600F8DF36 /* AppDelegate.swift */ = {isa = PBXFileReference; lastKnownFileType = sourcecode.swift; path = AppDelegate.swift; sourceTree = "<group>"; };
		E0EA0D2027BD0A6600F8DF36 /* Base */ = {isa = PBXFileReference; lastKnownFileType = file.storyboard; name = Base; path = Base.lproj/Main.storyboard; sourceTree = "<group>"; };
		E0EA0D2227BD0A6600F8DF36 /* DarkOrioks.entitlements */ = {isa = PBXFileReference; lastKnownFileType = text.plist.entitlements; path = DarkOrioks.entitlements; sourceTree = "<group>"; };
		E0EA0D2727BD0A6600F8DF36 /* NightlyORIOKS Extension.appex */ = {isa = PBXFileReference; explicitFileType = "wrapper.app-extension"; includeInIndex = 0; path = "NightlyORIOKS Extension.appex"; sourceTree = BUILT_PRODUCTS_DIR; };
		E0EA0D2C27BD0A6600F8DF36 /* Info.plist */ = {isa = PBXFileReference; lastKnownFileType = text.plist.xml; path = Info.plist; sourceTree = "<group>"; };
		E0EA0D3127BD0A6600F8DF36 /* NightlyORIOKS Extension.appex */ = {isa = PBXFileReference; explicitFileType = "wrapper.app-extension"; includeInIndex = 0; path = "NightlyORIOKS Extension.appex"; sourceTree = BUILT_PRODUCTS_DIR; };
		E0EA0D3627BD0A6600F8DF36 /* Info.plist */ = {isa = PBXFileReference; lastKnownFileType = text.plist.xml; path = Info.plist; sourceTree = "<group>"; };
		E0EA0D3727BD0A6600F8DF36 /* DarkOrioks.entitlements */ = {isa = PBXFileReference; lastKnownFileType = text.plist.entitlements; path = DarkOrioks.entitlements; sourceTree = "<group>"; };
/* End PBXFileReference section */

/* Begin PBXFrameworksBuildPhase section */
		E0EA0D0627BD0A6600F8DF36 /* Frameworks */ = {
			isa = PBXFrameworksBuildPhase;
			buildActionMask = 2147483647;
			files = (
			);
			runOnlyForDeploymentPostprocessing = 0;
		};
		E0EA0D1827BD0A6600F8DF36 /* Frameworks */ = {
			isa = PBXFrameworksBuildPhase;
			buildActionMask = 2147483647;
			files = (
			);
			runOnlyForDeploymentPostprocessing = 0;
		};
		E0EA0D2427BD0A6600F8DF36 /* Frameworks */ = {
			isa = PBXFrameworksBuildPhase;
			buildActionMask = 2147483647;
			files = (
			);
			runOnlyForDeploymentPostprocessing = 0;
		};
		E0EA0D2E27BD0A6600F8DF36 /* Frameworks */ = {
			isa = PBXFrameworksBuildPhase;
			buildActionMask = 2147483647;
			files = (
			);
			runOnlyForDeploymentPostprocessing = 0;
		};
/* End PBXFrameworksBuildPhase section */

/* Begin PBXGroup section */
		E075072827BD3DE600754EFB /* macOS */ = {
			isa = PBXGroup;
			children = (
				E075072927BD3DE600754EFB /* AppIcon.appiconset */,
			);
			path = macOS;
			sourceTree = "<group>";
		};
		E075072927BD3DE600754EFB /* AppIcon.appiconset */ = {
			isa = PBXGroup;
			children = (
				E075072A27BD3DE600754EFB /* darkORIOKS-128.png */,
				E075072B27BD3DE600754EFB /* darkORIOKS-16.png */,
				E075072C27BD3DE600754EFB /* darkORIOKS-512.png */,
				E075072D27BD3DE600754EFB /* darkORIOKS-64.png */,
				E075072E27BD3DE600754EFB /* darkORIOKS-1024.png */,
				E075073027BD3DE600754EFB /* darkORIOKS-32.png */,
				E075079C27BD3EFA00754EFB /* darkORIOKS-256x3.png */,
				E075073127BD3DE600754EFB /* darkORIOKS-256.png */,
			);
			path = AppIcon.appiconset;
			sourceTree = "<group>";
		};
		E075074227BD3E6C00754EFB /* iOS */ = {
			isa = PBXGroup;
			children = (
				E075074327BD3E6C00754EFB /* AppIcon.appiconset */,
			);
			path = iOS;
			sourceTree = "<group>";
		};
		E075074327BD3E6C00754EFB /* AppIcon.appiconset */ = {
			isa = PBXGroup;
			children = (
				E075074427BD3E6C00754EFB /* darkORIOKS iOS-29.png */,
				E075074527BD3E6C00754EFB /* darkORIOKS iOS-20@3x.png */,
				E075074627BD3E6C00754EFB /* darkORIOKS iOS-20@2x.png */,
				E075074727BD3E6C00754EFB /* darkORIOKS iOS-76.png */,
				E075074827BD3E6C00754EFB /* darkORIOKS iOS-76@2x.png */,
				E075074927BD3E6C00754EFB /* darkORIOKS iOS-40@2x.png */,
				E075074A27BD3E6C00754EFB /* darkORIOKS iOS-1024.png */,
				E075074B27BD3E6C00754EFB /* darkORIOKS iOS-40.png */,
				E075074C27BD3E6C00754EFB /* darkORIOKS iOS-83.5@2x.png */,
				E075074E27BD3E6C00754EFB /* darkORIOKS iOS-40@3x.png */,
				E075074F27BD3E6C00754EFB /* darkORIOKS iOS-20.png */,
				E075075027BD3E6C00754EFB /* darkORIOKS iOS-60@3x.png */,
				E075075127BD3E6C00754EFB /* darkORIOKS iOS-29@2x.png */,
				E075075227BD3E6C00754EFB /* darkORIOKS iOS-29@3x.png */,
				E075075327BD3E6C00754EFB /* darkORIOKS iOS-60@2x.png */,
			);
			path = AppIcon.appiconset;
			sourceTree = "<group>";
		};
		E0EA0CEC27BD0A6400F8DF36 = {
			isa = PBXGroup;
			children = (
				E0EA0CF127BD0A6400F8DF36 /* Shared (App) */,
				E0EA0CFA27BD0A6600F8DF36 /* Shared (Extension) */,
				E0EA0D0B27BD0A6600F8DF36 /* iOS (App) */,
				E0EA0D1C27BD0A6600F8DF36 /* macOS (App) */,
				E0EA0D2B27BD0A6600F8DF36 /* iOS (Extension) */,
				E0EA0D3527BD0A6600F8DF36 /* macOS (Extension) */,
				E0EA0D0A27BD0A6600F8DF36 /* Products */,
			);
			sourceTree = "<group>";
		};
		E0EA0CF127BD0A6400F8DF36 /* Shared (App) */ = {
			isa = PBXGroup;
			children = (
				E0EA0CF827BD0A6400F8DF36 /* ViewController.swift */,
				E0EA0CF927BD0A6600F8DF36 /* Assets.xcassets */,
				E0EA0CF227BD0A6400F8DF36 /* Resources */,
			);
			path = "Shared (App)";
			sourceTree = "<group>";
		};
		E0EA0CF227BD0A6400F8DF36 /* Resources */ = {
			isa = PBXGroup;
			children = (
				E0EA0CF327BD0A6400F8DF36 /* Main.html */,
				E0EA0CF527BD0A6400F8DF36 /* Icon.png */,
				E0EA0CF627BD0A6400F8DF36 /* Style.css */,
				E0EA0CF727BD0A6400F8DF36 /* Script.js */,
			);
			path = Resources;
			sourceTree = "<group>";
		};
		E0EA0CFA27BD0A6600F8DF36 /* Shared (Extension) */ = {
			isa = PBXGroup;
			children = (
				E0EA0CFB27BD0A6600F8DF36 /* SafariWebExtensionHandler.swift */,
				E0EA0CFC27BD0A6600F8DF36 /* Resources */,
			);
			path = "Shared (Extension)";
			sourceTree = "<group>";
		};
		E0EA0CFC27BD0A6600F8DF36 /* Resources */ = {
			isa = PBXGroup;
			children = (
				E0EA0CFD27BD0A6600F8DF36 /* _locales */,
				E0EA0CFE27BD0A6600F8DF36 /* images */,
				E0EA0CFF27BD0A6600F8DF36 /* manifest.json */,
				E0EA0D0027BD0A6600F8DF36 /* background.js */,
				E0EA0D0127BD0A6600F8DF36 /* content.js */,
				E075072527BD1A9D00754EFB /* styles.css */,
				E0EA0D0227BD0A6600F8DF36 /* popup.html */,
				E0EA0D0327BD0A6600F8DF36 /* popup.css */,
				E0EA0D0427BD0A6600F8DF36 /* popup.js */,
			);
			path = Resources;
			sourceTree = "<group>";
		};
		E0EA0D0A27BD0A6600F8DF36 /* Products */ = {
			isa = PBXGroup;
			children = (
				E0EA0D0927BD0A6600F8DF36 /* NightlyORIOKS.app */,
				E0EA0D1B27BD0A6600F8DF36 /* NightlyORIOKS.app */,
				E0EA0D2727BD0A6600F8DF36 /* NightlyORIOKS Extension.appex */,
				E0EA0D3127BD0A6600F8DF36 /* NightlyORIOKS Extension.appex */,
			);
			name = Products;
			sourceTree = "<group>";
		};
		E0EA0D0B27BD0A6600F8DF36 /* iOS (App) */ = {
			isa = PBXGroup;
			children = (
				E0EA0D0C27BD0A6600F8DF36 /* AppDelegate.swift */,
				E0EA0D0E27BD0A6600F8DF36 /* SceneDelegate.swift */,
				E0EA0D1027BD0A6600F8DF36 /* LaunchScreen.storyboard */,
				E0EA0D1327BD0A6600F8DF36 /* Main.storyboard */,
				E0EA0D1627BD0A6600F8DF36 /* Info.plist */,
				E075074227BD3E6C00754EFB /* iOS */,
			);
			path = "iOS (App)";
			sourceTree = "<group>";
		};
		E0EA0D1C27BD0A6600F8DF36 /* macOS (App) */ = {
			isa = PBXGroup;
			children = (
				E0EA0D1D27BD0A6600F8DF36 /* AppDelegate.swift */,
				E0EA0D1F27BD0A6600F8DF36 /* Main.storyboard */,
				E0EA0D2227BD0A6600F8DF36 /* DarkOrioks.entitlements */,
				E075072827BD3DE600754EFB /* macOS */,
			);
			path = "macOS (App)";
			sourceTree = "<group>";
		};
		E0EA0D2B27BD0A6600F8DF36 /* iOS (Extension) */ = {
			isa = PBXGroup;
			children = (
				E0EA0D2C27BD0A6600F8DF36 /* Info.plist */,
			);
			path = "iOS (Extension)";
			sourceTree = "<group>";
		};
		E0EA0D3527BD0A6600F8DF36 /* macOS (Extension) */ = {
			isa = PBXGroup;
			children = (
				E0EA0D3627BD0A6600F8DF36 /* Info.plist */,
				E0EA0D3727BD0A6600F8DF36 /* DarkOrioks.entitlements */,
			);
			path = "macOS (Extension)";
			sourceTree = "<group>";
		};
/* End PBXGroup section */

/* Begin PBXNativeTarget section */
		E0EA0D0827BD0A6600F8DF36 /* NightlyORIOKS (iOS) */ = {
			isa = PBXNativeTarget;
			buildConfigurationList = E0EA0D5C27BD0A6700F8DF36 /* Build configuration list for PBXNativeTarget "NightlyORIOKS (iOS)" */;
			buildPhases = (
				E0EA0D0527BD0A6600F8DF36 /* Sources */,
				E0EA0D0627BD0A6600F8DF36 /* Frameworks */,
				E0EA0D0727BD0A6600F8DF36 /* Resources */,
				E0EA0D5B27BD0A6700F8DF36 /* Embed App Extensions */,
			);
			buildRules = (
			);
			dependencies = (
				E0EA0D2A27BD0A6600F8DF36 /* PBXTargetDependency */,
			);
			name = "NightlyORIOKS (iOS)";
			productName = "DarkOrioks (iOS)";
			productReference = E0EA0D0927BD0A6600F8DF36 /* NightlyORIOKS.app */;
			productType = "com.apple.product-type.application";
		};
		E0EA0D1A27BD0A6600F8DF36 /* NightlyORIOKS (macOS) */ = {
			isa = PBXNativeTarget;
			buildConfigurationList = E0EA0D6327BD0A6700F8DF36 /* Build configuration list for PBXNativeTarget "NightlyORIOKS (macOS)" */;
			buildPhases = (
				E0EA0D1727BD0A6600F8DF36 /* Sources */,
				E0EA0D1827BD0A6600F8DF36 /* Frameworks */,
				E0EA0D1927BD0A6600F8DF36 /* Resources */,
				E0EA0D6227BD0A6700F8DF36 /* Embed App Extensions */,
			);
			buildRules = (
			);
			dependencies = (
				E0EA0D3427BD0A6600F8DF36 /* PBXTargetDependency */,
			);
			name = "NightlyORIOKS (macOS)";
			productName = "DarkOrioks (macOS)";
			productReference = E0EA0D1B27BD0A6600F8DF36 /* NightlyORIOKS.app */;
			productType = "com.apple.product-type.application";
		};
		E0EA0D2627BD0A6600F8DF36 /* NightlyORIOKS Extension (iOS) */ = {
			isa = PBXNativeTarget;
			buildConfigurationList = E0EA0D5827BD0A6700F8DF36 /* Build configuration list for PBXNativeTarget "NightlyORIOKS Extension (iOS)" */;
			buildPhases = (
				E0EA0D2327BD0A6600F8DF36 /* Sources */,
				E0EA0D2427BD0A6600F8DF36 /* Frameworks */,
				E0EA0D2527BD0A6600F8DF36 /* Resources */,
			);
			buildRules = (
			);
			dependencies = (
			);
			name = "NightlyORIOKS Extension (iOS)";
			productName = "DarkOrioks Extension (iOS)";
			productReference = E0EA0D2727BD0A6600F8DF36 /* NightlyORIOKS Extension.appex */;
			productType = "com.apple.product-type.app-extension";
		};
		E0EA0D3027BD0A6600F8DF36 /* NightlyORIOKS Extension (macOS) */ = {
			isa = PBXNativeTarget;
			buildConfigurationList = E0EA0D5F27BD0A6700F8DF36 /* Build configuration list for PBXNativeTarget "NightlyORIOKS Extension (macOS)" */;
			buildPhases = (
				E0EA0D2D27BD0A6600F8DF36 /* Sources */,
				E0EA0D2E27BD0A6600F8DF36 /* Frameworks */,
				E0EA0D2F27BD0A6600F8DF36 /* Resources */,
			);
			buildRules = (
			);
			dependencies = (
			);
			name = "NightlyORIOKS Extension (macOS)";
			productName = "DarkOrioks Extension (macOS)";
			productReference = E0EA0D3127BD0A6600F8DF36 /* NightlyORIOKS Extension.appex */;
			productType = "com.apple.product-type.app-extension";
		};
/* End PBXNativeTarget section */

/* Begin PBXProject section */
		E0EA0CED27BD0A6400F8DF36 /* Project object */ = {
			isa = PBXProject;
			attributes = {
				BuildIndependentTargetsInParallel = 1;
				LastSwiftUpdateCheck = 1320;
				LastUpgradeCheck = 1320;
				TargetAttributes = {
					E0EA0D0827BD0A6600F8DF36 = {
						CreatedOnToolsVersion = 13.2.1;
					};
					E0EA0D1A27BD0A6600F8DF36 = {
						CreatedOnToolsVersion = 13.2.1;
					};
					E0EA0D2627BD0A6600F8DF36 = {
						CreatedOnToolsVersion = 13.2.1;
					};
					E0EA0D3027BD0A6600F8DF36 = {
						CreatedOnToolsVersion = 13.2.1;
					};
				};
			};
			buildConfigurationList = E0EA0CF027BD0A6400F8DF36 /* Build configuration list for PBXProject "NightlyORIOKS" */;
			compatibilityVersion = "Xcode 13.0";
			developmentRegion = en;
			hasScannedForEncodings = 0;
			knownRegions = (
				en,
				Base,
			);
			mainGroup = E0EA0CEC27BD0A6400F8DF36;
			productRefGroup = E0EA0D0A27BD0A6600F8DF36 /* Products */;
			projectDirPath = "";
			projectRoot = "";
			targets = (
				E0EA0D0827BD0A6600F8DF36 /* NightlyORIOKS (iOS) */,
				E0EA0D1A27BD0A6600F8DF36 /* NightlyORIOKS (macOS) */,
				E0EA0D2627BD0A6600F8DF36 /* NightlyORIOKS Extension (iOS) */,
				E0EA0D3027BD0A6600F8DF36 /* NightlyORIOKS Extension (macOS) */,
			);
		};
/* End PBXProject section */

/* Begin PBXResourcesBuildPhase section */
		E0EA0D0727BD0A6600F8DF36 /* Resources */ = {
			isa = PBXResourcesBuildPhase;
			buildActionMask = 2147483647;
			files = (
				E075076C27BD3E6C00754EFB /* darkORIOKS iOS-1024.png in Resources */,
				E075078827BD3E6C00754EFB /* darkORIOKS iOS-29@2x.png in Resources */,
				E075078427BD3E6C00754EFB /* darkORIOKS iOS-60@3x.png in Resources */,
				E0EA0D3A27BD0A6600F8DF36 /* Icon.png in Resources */,
				E08CDC5D27BD4DC90022F98F /* manifest.json in Resources */,
				E075079D27BD3EFA00754EFB /* darkORIOKS-256x3.png in Resources */,
				E075076827BD3E6C00754EFB /* darkORIOKS iOS-40@2x.png in Resources */,
				E075078C27BD3E6C00754EFB /* darkORIOKS iOS-29@3x.png in Resources */,
				E0EA0D1227BD0A6600F8DF36 /* LaunchScreen.storyboard in Resources */,
				E075077C27BD3E6C00754EFB /* darkORIOKS iOS-40@3x.png in Resources */,
				E0EA0D3827BD0A6600F8DF36 /* Main.html in Resources */,
				E0EA0D3E27BD0A6600F8DF36 /* Script.js in Resources */,
				E075077427BD3E6C00754EFB /* darkORIOKS iOS-83.5@2x.png in Resources */,
				E075075427BD3E6C00754EFB /* darkORIOKS iOS-29.png in Resources */,
				E075075827BD3E6C00754EFB /* darkORIOKS iOS-20@3x.png in Resources */,
				E075079027BD3E6C00754EFB /* darkORIOKS iOS-60@2x.png in Resources */,
				E0EA0D4227BD0A6600F8DF36 /* Assets.xcassets in Resources */,
				E075078027BD3E6C00754EFB /* darkORIOKS iOS-20.png in Resources */,
				E075076427BD3E6C00754EFB /* darkORIOKS iOS-76@2x.png in Resources */,
				E075076027BD3E6C00754EFB /* darkORIOKS iOS-76.png in Resources */,
				E075077027BD3E6C00754EFB /* darkORIOKS iOS-40.png in Resources */,
				E0EA0D1527BD0A6600F8DF36 /* Main.storyboard in Resources */,
				E075075C27BD3E6C00754EFB /* darkORIOKS iOS-20@2x.png in Resources */,
				E0EA0D3C27BD0A6600F8DF36 /* Style.css in Resources */,
			);
			runOnlyForDeploymentPostprocessing = 0;
		};
		E0EA0D1927BD0A6600F8DF36 /* Resources */ = {
			isa = PBXResourcesBuildPhase;
			buildActionMask = 2147483647;
			files = (
				E0EA0D3B27BD0A6600F8DF36 /* Icon.png in Resources */,
				E075077527BD3E6C00754EFB /* darkORIOKS iOS-83.5@2x.png in Resources */,
				E075075927BD3E6C00754EFB /* darkORIOKS iOS-20@3x.png in Resources */,
				E075079E27BD3EFA00754EFB /* darkORIOKS-256x3.png in Resources */,
				E075077D27BD3E6C00754EFB /* darkORIOKS iOS-40@3x.png in Resources */,
				E075078127BD3E6C00754EFB /* darkORIOKS iOS-20.png in Resources */,
				E075076927BD3E6C00754EFB /* darkORIOKS iOS-40@2x.png in Resources */,
				E075079427BD3E7500754EFB /* darkORIOKS-128.png in Resources */,
				E0EA0D3D27BD0A6600F8DF36 /* Style.css in Resources */,
				E075079727BD3E7E00754EFB /* darkORIOKS-1024.png in Resources */,
				E0EA0D2127BD0A6600F8DF36 /* Main.storyboard in Resources */,
				E075079B27BD3E7E00754EFB /* darkORIOKS-32.png in Resources */,
				E075078927BD3E6C00754EFB /* darkORIOKS iOS-29@2x.png in Resources */,
				E075076127BD3E6C00754EFB /* darkORIOKS iOS-76.png in Resources */,
				E075079927BD3E7E00754EFB /* darkORIOKS-16.png in Resources */,
				E075076527BD3E6C00754EFB /* darkORIOKS iOS-76@2x.png in Resources */,
				E075077127BD3E6C00754EFB /* darkORIOKS iOS-40.png in Resources */,
				E0EA0D3F27BD0A6600F8DF36 /* Script.js in Resources */,
				E075079127BD3E6C00754EFB /* darkORIOKS iOS-60@2x.png in Resources */,
				E075075D27BD3E6C00754EFB /* darkORIOKS iOS-20@2x.png in Resources */,
				E075079827BD3E7E00754EFB /* darkORIOKS-256.png in Resources */,
				E0EA0D4327BD0A6600F8DF36 /* Assets.xcassets in Resources */,
				E08CDC5E27BD4DCA0022F98F /* manifest.json in Resources */,
				E075079627BD3E7E00754EFB /* darkORIOKS-512.png in Resources */,
				E075078D27BD3E6C00754EFB /* darkORIOKS iOS-29@3x.png in Resources */,
				E075076D27BD3E6C00754EFB /* darkORIOKS iOS-1024.png in Resources */,
				E075079527BD3E7E00754EFB /* darkORIOKS-64.png in Resources */,
				E0EA0D3927BD0A6600F8DF36 /* Main.html in Resources */,
				E075078527BD3E6C00754EFB /* darkORIOKS iOS-60@3x.png in Resources */,
				E075075527BD3E6C00754EFB /* darkORIOKS iOS-29.png in Resources */,
			);
			runOnlyForDeploymentPostprocessing = 0;
		};
		E0EA0D2527BD0A6600F8DF36 /* Resources */ = {
			isa = PBXResourcesBuildPhase;
			buildActionMask = 2147483647;
			files = (
				E0EA0D4C27BD0A6600F8DF36 /* background.js in Resources */,
				E075073A27BD3DE600754EFB /* darkORIOKS-1024.png in Resources */,
				E075077627BD3E6C00754EFB /* darkORIOKS iOS-83.5@2x.png in Resources */,
				E075079227BD3E6C00754EFB /* darkORIOKS iOS-60@2x.png in Resources */,
				E075073427BD3DE600754EFB /* darkORIOKS-16.png in Resources */,
				E0EA0D5227BD0A6600F8DF36 /* popup.css in Resources */,
				E075073827BD3DE600754EFB /* darkORIOKS-64.png in Resources */,
				E075076627BD3E6C00754EFB /* darkORIOKS iOS-76@2x.png in Resources */,
				E075073627BD3DE600754EFB /* darkORIOKS-512.png in Resources */,
				E075074027BD3DE600754EFB /* darkORIOKS-256.png in Resources */,
				E075075E27BD3E6C00754EFB /* darkORIOKS iOS-20@2x.png in Resources */,
				E0EA0D5027BD0A6600F8DF36 /* popup.html in Resources */,
				E075076A27BD3E6C00754EFB /* darkORIOKS iOS-40@2x.png in Resources */,
				E0EA0D4827BD0A6600F8DF36 /* images in Resources */,
				E0EA0D4A27BD0A6600F8DF36 /* manifest.json in Resources */,
				E0EA0D4627BD0A6600F8DF36 /* _locales in Resources */,
				E075072627BD1A9D00754EFB /* styles.css in Resources */,
				E0EA0D4E27BD0A6600F8DF36 /* content.js in Resources */,
				E075078E27BD3E6C00754EFB /* darkORIOKS iOS-29@3x.png in Resources */,
				E075075627BD3E6C00754EFB /* darkORIOKS iOS-29.png in Resources */,
				E075076E27BD3E6C00754EFB /* darkORIOKS iOS-1024.png in Resources */,
				E075078627BD3E6C00754EFB /* darkORIOKS iOS-60@3x.png in Resources */,
				E075073227BD3DE600754EFB /* darkORIOKS-128.png in Resources */,
				E075078227BD3E6C00754EFB /* darkORIOKS iOS-20.png in Resources */,
				E075078A27BD3E6C00754EFB /* darkORIOKS iOS-29@2x.png in Resources */,
				E0EA0D5427BD0A6600F8DF36 /* popup.js in Resources */,
				E075077227BD3E6C00754EFB /* darkORIOKS iOS-40.png in Resources */,
				E075073E27BD3DE600754EFB /* darkORIOKS-32.png in Resources */,
				E075075A27BD3E6C00754EFB /* darkORIOKS iOS-20@3x.png in Resources */,
				E075079F27BD3EFA00754EFB /* darkORIOKS-256x3.png in Resources */,
				E075076227BD3E6C00754EFB /* darkORIOKS iOS-76.png in Resources */,
				E075077E27BD3E6C00754EFB /* darkORIOKS iOS-40@3x.png in Resources */,
			);
			runOnlyForDeploymentPostprocessing = 0;
		};
		E0EA0D2F27BD0A6600F8DF36 /* Resources */ = {
			isa = PBXResourcesBuildPhase;
			buildActionMask = 2147483647;
			files = (
				E0EA0D4D27BD0A6600F8DF36 /* background.js in Resources */,
				E075073B27BD3DE600754EFB /* darkORIOKS-1024.png in Resources */,
				E075077727BD3E6C00754EFB /* darkORIOKS iOS-83.5@2x.png in Resources */,
				E075079327BD3E6C00754EFB /* darkORIOKS iOS-60@2x.png in Resources */,
				E075073527BD3DE600754EFB /* darkORIOKS-16.png in Resources */,
				E0EA0D5327BD0A6600F8DF36 /* popup.css in Resources */,
				E075073927BD3DE600754EFB /* darkORIOKS-64.png in Resources */,
				E075076727BD3E6C00754EFB /* darkORIOKS iOS-76@2x.png in Resources */,
				E075073727BD3DE600754EFB /* darkORIOKS-512.png in Resources */,
				E075074127BD3DE600754EFB /* darkORIOKS-256.png in Resources */,
				E075075F27BD3E6C00754EFB /* darkORIOKS iOS-20@2x.png in Resources */,
				E0EA0D5127BD0A6600F8DF36 /* popup.html in Resources */,
				E075076B27BD3E6C00754EFB /* darkORIOKS iOS-40@2x.png in Resources */,
				E0EA0D4927BD0A6600F8DF36 /* images in Resources */,
				E0EA0D4B27BD0A6600F8DF36 /* manifest.json in Resources */,
				E0EA0D4727BD0A6600F8DF36 /* _locales in Resources */,
				E075072727BD1A9D00754EFB /* styles.css in Resources */,
				E0EA0D4F27BD0A6600F8DF36 /* content.js in Resources */,
				E075078F27BD3E6C00754EFB /* darkORIOKS iOS-29@3x.png in Resources */,
				E075075727BD3E6C00754EFB /* darkORIOKS iOS-29.png in Resources */,
				E075076F27BD3E6C00754EFB /* darkORIOKS iOS-1024.png in Resources */,
				E075078727BD3E6C00754EFB /* darkORIOKS iOS-60@3x.png in Resources */,
				E075073327BD3DE600754EFB /* darkORIOKS-128.png in Resources */,
				E075078327BD3E6C00754EFB /* darkORIOKS iOS-20.png in Resources */,
				E075078B27BD3E6C00754EFB /* darkORIOKS iOS-29@2x.png in Resources */,
				E0EA0D5527BD0A6700F8DF36 /* popup.js in Resources */,
				E075077327BD3E6C00754EFB /* darkORIOKS iOS-40.png in Resources */,
				E075073F27BD3DE600754EFB /* darkORIOKS-32.png in Resources */,
				E075075B27BD3E6C00754EFB /* darkORIOKS iOS-20@3x.png in Resources */,
				E07507A027BD3EFA00754EFB /* darkORIOKS-256x3.png in Resources */,
				E075076327BD3E6C00754EFB /* darkORIOKS iOS-76.png in Resources */,
				E075077F27BD3E6C00754EFB /* darkORIOKS iOS-40@3x.png in Resources */,
			);
			runOnlyForDeploymentPostprocessing = 0;
		};
/* End PBXResourcesBuildPhase section */

/* Begin PBXSourcesBuildPhase section */
		E0EA0D0527BD0A6600F8DF36 /* Sources */ = {
			isa = PBXSourcesBuildPhase;
			buildActionMask = 2147483647;
			files = (
				E0EA0D4027BD0A6600F8DF36 /* ViewController.swift in Sources */,
				E0EA0D0D27BD0A6600F8DF36 /* AppDelegate.swift in Sources */,
				E0EA0D0F27BD0A6600F8DF36 /* SceneDelegate.swift in Sources */,
			);
			runOnlyForDeploymentPostprocessing = 0;
		};
		E0EA0D1727BD0A6600F8DF36 /* Sources */ = {
			isa = PBXSourcesBuildPhase;
			buildActionMask = 2147483647;
			files = (
				E0EA0D4127BD0A6600F8DF36 /* ViewController.swift in Sources */,
				E0EA0D1E27BD0A6600F8DF36 /* AppDelegate.swift in Sources */,
			);
			runOnlyForDeploymentPostprocessing = 0;
		};
		E0EA0D2327BD0A6600F8DF36 /* Sources */ = {
			isa = PBXSourcesBuildPhase;
			buildActionMask = 2147483647;
			files = (
				E0EA0D4427BD0A6600F8DF36 /* SafariWebExtensionHandler.swift in Sources */,
			);
			runOnlyForDeploymentPostprocessing = 0;
		};
		E0EA0D2D27BD0A6600F8DF36 /* Sources */ = {
			isa = PBXSourcesBuildPhase;
			buildActionMask = 2147483647;
			files = (
				E0EA0D4527BD0A6600F8DF36 /* SafariWebExtensionHandler.swift in Sources */,
			);
			runOnlyForDeploymentPostprocessing = 0;
		};
/* End PBXSourcesBuildPhase section */

/* Begin PBXTargetDependency section */
		E0EA0D2A27BD0A6600F8DF36 /* PBXTargetDependency */ = {
			isa = PBXTargetDependency;
			target = E0EA0D2627BD0A6600F8DF36 /* NightlyORIOKS Extension (iOS) */;
			targetProxy = E0EA0D2927BD0A6600F8DF36 /* PBXContainerItemProxy */;
		};
		E0EA0D3427BD0A6600F8DF36 /* PBXTargetDependency */ = {
			isa = PBXTargetDependency;
			target = E0EA0D3027BD0A6600F8DF36 /* NightlyORIOKS Extension (macOS) */;
			targetProxy = E0EA0D3327BD0A6600F8DF36 /* PBXContainerItemProxy */;
		};
/* End PBXTargetDependency section */

/* Begin PBXVariantGroup section */
		E0EA0CF327BD0A6400F8DF36 /* Main.html */ = {
			isa = PBXVariantGroup;
			children = (
				E0EA0CF427BD0A6400F8DF36 /* Base */,
			);
			name = Main.html;
			sourceTree = "<group>";
		};
		E0EA0D1027BD0A6600F8DF36 /* LaunchScreen.storyboard */ = {
			isa = PBXVariantGroup;
			children = (
				E0EA0D1127BD0A6600F8DF36 /* Base */,
			);
			name = LaunchScreen.storyboard;
			sourceTree = "<group>";
		};
		E0EA0D1327BD0A6600F8DF36 /* Main.storyboard */ = {
			isa = PBXVariantGroup;
			children = (
				E0EA0D1427BD0A6600F8DF36 /* Base */,
			);
			name = Main.storyboard;
			sourceTree = "<group>";
		};
		E0EA0D1F27BD0A6600F8DF36 /* Main.storyboard */ = {
			isa = PBXVariantGroup;
			children = (
				E0EA0D2027BD0A6600F8DF36 /* Base */,
			);
			name = Main.storyboard;
			sourceTree = "<group>";
		};
/* End PBXVariantGroup section */

/* Begin XCBuildConfiguration section */
		E0EA0D5627BD0A6700F8DF36 /* Debug */ = {
			isa = XCBuildConfiguration;
			buildSettings = {
				ALWAYS_SEARCH_USER_PATHS = NO;
				CLANG_ANALYZER_NONNULL = YES;
				CLANG_ANALYZER_NUMBER_OBJECT_CONVERSION = YES_AGGRESSIVE;
				CLANG_CXX_LANGUAGE_STANDARD = "gnu++17";
				CLANG_CXX_LIBRARY = "libc++";
				CLANG_ENABLE_MODULES = YES;
				CLANG_ENABLE_OBJC_ARC = YES;
				CLANG_ENABLE_OBJC_WEAK = YES;
				CLANG_WARN_BLOCK_CAPTURE_AUTORELEASING = YES;
				CLANG_WARN_BOOL_CONVERSION = YES;
				CLANG_WARN_COMMA = YES;
				CLANG_WARN_CONSTANT_CONVERSION = YES;
				CLANG_WARN_DEPRECATED_OBJC_IMPLEMENTATIONS = YES;
				CLANG_WARN_DIRECT_OBJC_ISA_USAGE = YES_ERROR;
				CLANG_WARN_DOCUMENTATION_COMMENTS = YES;
				CLANG_WARN_EMPTY_BODY = YES;
				CLANG_WARN_ENUM_CONVERSION = YES;
				CLANG_WARN_INFINITE_RECURSION = YES;
				CLANG_WARN_INT_CONVERSION = YES;
				CLANG_WARN_NON_LITERAL_NULL_CONVERSION = YES;
				CLANG_WARN_OBJC_IMPLICIT_RETAIN_SELF = YES;
				CLANG_WARN_OBJC_LITERAL_CONVERSION = YES;
				CLANG_WARN_OBJC_ROOT_CLASS = YES_ERROR;
				CLANG_WARN_QUOTED_INCLUDE_IN_FRAMEWORK_HEADER = YES;
				CLANG_WARN_RANGE_LOOP_ANALYSIS = YES;
				CLANG_WARN_STRICT_PROTOTYPES = YES;
				CLANG_WARN_SUSPICIOUS_MOVE = YES;
				CLANG_WARN_UNGUARDED_AVAILABILITY = YES_AGGRESSIVE;
				CLANG_WARN_UNREACHABLE_CODE = YES;
				CLANG_WARN__DUPLICATE_METHOD_MATCH = YES;
				COPY_PHASE_STRIP = NO;
				DEBUG_INFORMATION_FORMAT = dwarf;
				ENABLE_STRICT_OBJC_MSGSEND = YES;
				ENABLE_TESTABILITY = YES;
				GCC_C_LANGUAGE_STANDARD = gnu11;
				GCC_DYNAMIC_NO_PIC = NO;
				GCC_NO_COMMON_BLOCKS = YES;
				GCC_OPTIMIZATION_LEVEL = 0;
				GCC_PREPROCESSOR_DEFINITIONS = (
					"DEBUG=1",
					"$(inherited)",
				);
				GCC_WARN_64_TO_32_BIT_CONVERSION = YES;
				GCC_WARN_ABOUT_RETURN_TYPE = YES_ERROR;
				GCC_WARN_UNDECLARED_SELECTOR = YES;
				GCC_WARN_UNINITIALIZED_AUTOS = YES_AGGRESSIVE;
				GCC_WARN_UNUSED_FUNCTION = YES;
				GCC_WARN_UNUSED_VARIABLE = YES;
				MTL_ENABLE_DEBUG_INFO = INCLUDE_SOURCE;
				MTL_FAST_MATH = YES;
				ONLY_ACTIVE_ARCH = YES;
				SWIFT_ACTIVE_COMPILATION_CONDITIONS = DEBUG;
				SWIFT_OPTIMIZATION_LEVEL = "-Onone";
			};
			name = Debug;
		};
		E0EA0D5727BD0A6700F8DF36 /* Release */ = {
			isa = XCBuildConfiguration;
			buildSettings = {
				ALWAYS_SEARCH_USER_PATHS = NO;
				CLANG_ANALYZER_NONNULL = YES;
				CLANG_ANALYZER_NUMBER_OBJECT_CONVERSION = YES_AGGRESSIVE;
				CLANG_CXX_LANGUAGE_STANDARD = "gnu++17";
				CLANG_CXX_LIBRARY = "libc++";
				CLANG_ENABLE_MODULES = YES;
				CLANG_ENABLE_OBJC_ARC = YES;
				CLANG_ENABLE_OBJC_WEAK = YES;
				CLANG_WARN_BLOCK_CAPTURE_AUTORELEASING = YES;
				CLANG_WARN_BOOL_CONVERSION = YES;
				CLANG_WARN_COMMA = YES;
				CLANG_WARN_CONSTANT_CONVERSION = YES;
				CLANG_WARN_DEPRECATED_OBJC_IMPLEMENTATIONS = YES;
				CLANG_WARN_DIRECT_OBJC_ISA_USAGE = YES_ERROR;
				CLANG_WARN_DOCUMENTATION_COMMENTS = YES;
				CLANG_WARN_EMPTY_BODY = YES;
				CLANG_WARN_ENUM_CONVERSION = YES;
				CLANG_WARN_INFINITE_RECURSION = YES;
				CLANG_WARN_INT_CONVERSION = YES;
				CLANG_WARN_NON_LITERAL_NULL_CONVERSION = YES;
				CLANG_WARN_OBJC_IMPLICIT_RETAIN_SELF = YES;
				CLANG_WARN_OBJC_LITERAL_CONVERSION = YES;
				CLANG_WARN_OBJC_ROOT_CLASS = YES_ERROR;
				CLANG_WARN_QUOTED_INCLUDE_IN_FRAMEWORK_HEADER = YES;
				CLANG_WARN_RANGE_LOOP_ANALYSIS = YES;
				CLANG_WARN_STRICT_PROTOTYPES = YES;
				CLANG_WARN_SUSPICIOUS_MOVE = YES;
				CLANG_WARN_UNGUARDED_AVAILABILITY = YES_AGGRESSIVE;
				CLANG_WARN_UNREACHABLE_CODE = YES;
				CLANG_WARN__DUPLICATE_METHOD_MATCH = YES;
				COPY_PHASE_STRIP = NO;
				DEBUG_INFORMATION_FORMAT = "dwarf-with-dsym";
				ENABLE_NS_ASSERTIONS = NO;
				ENABLE_STRICT_OBJC_MSGSEND = YES;
				GCC_C_LANGUAGE_STANDARD = gnu11;
				GCC_NO_COMMON_BLOCKS = YES;
				GCC_WARN_64_TO_32_BIT_CONVERSION = YES;
				GCC_WARN_ABOUT_RETURN_TYPE = YES_ERROR;
				GCC_WARN_UNDECLARED_SELECTOR = YES;
				GCC_WARN_UNINITIALIZED_AUTOS = YES_AGGRESSIVE;
				GCC_WARN_UNUSED_FUNCTION = YES;
				GCC_WARN_UNUSED_VARIABLE = YES;
				MTL_ENABLE_DEBUG_INFO = NO;
				MTL_FAST_MATH = YES;
				SWIFT_COMPILATION_MODE = wholemodule;
				SWIFT_OPTIMIZATION_LEVEL = "-O";
			};
			name = Release;
		};
		E0EA0D5927BD0A6700F8DF36 /* Debug */ = {
			isa = XCBuildConfiguration;
			buildSettings = {
				CODE_SIGN_STYLE = Automatic;
				CURRENT_PROJECT_VERSION = 7;
				DEVELOPMENT_TEAM = K52EJNPD2V;
				GENERATE_INFOPLIST_FILE = YES;
				INFOPLIST_FILE = "iOS (Extension)/Info.plist";
				INFOPLIST_KEY_CFBundleDisplayName = "NightlyORIOKS Extension";
				INFOPLIST_KEY_NSHumanReadableCopyright = "";
				IPHONEOS_DEPLOYMENT_TARGET = 15.0;
				LD_RUNPATH_SEARCH_PATHS = (
					"$(inherited)",
					"@executable_path/Frameworks",
					"@executable_path/../../Frameworks",
				);
				MARKETING_VERSION = 1.0.2;
				OTHER_LDFLAGS = (
					"-framework",
					SafariServices,
				);
				PRODUCT_BUNDLE_IDENTIFIER = "t-software.DarkOrioks.Extension";
				PRODUCT_NAME = "NightlyORIOKS Extension";
				SDKROOT = iphoneos;
				SKIP_INSTALL = YES;
				SWIFT_EMIT_LOC_STRINGS = YES;
				SWIFT_VERSION = 5.0;
				TARGETED_DEVICE_FAMILY = "1,2";
			};
			name = Debug;
		};
		E0EA0D5A27BD0A6700F8DF36 /* Release */ = {
			isa = XCBuildConfiguration;
			buildSettings = {
				CODE_SIGN_STYLE = Automatic;
				CURRENT_PROJECT_VERSION = 7;
				DEVELOPMENT_TEAM = K52EJNPD2V;
				GENERATE_INFOPLIST_FILE = YES;
				INFOPLIST_FILE = "iOS (Extension)/Info.plist";
				INFOPLIST_KEY_CFBundleDisplayName = "NightlyORIOKS Extension";
				INFOPLIST_KEY_NSHumanReadableCopyright = "";
				IPHONEOS_DEPLOYMENT_TARGET = 15.0;
				LD_RUNPATH_SEARCH_PATHS = (
					"$(inherited)",
					"@executable_path/Frameworks",
					"@executable_path/../../Frameworks",
				);
				MARKETING_VERSION = 1.0.2;
				OTHER_LDFLAGS = (
					"-framework",
					SafariServices,
				);
				PRODUCT_BUNDLE_IDENTIFIER = "t-software.DarkOrioks.Extension";
				PRODUCT_NAME = "NightlyORIOKS Extension";
				SDKROOT = iphoneos;
				SKIP_INSTALL = YES;
				SWIFT_EMIT_LOC_STRINGS = YES;
				SWIFT_VERSION = 5.0;
				TARGETED_DEVICE_FAMILY = "1,2";
				VALIDATE_PRODUCT = YES;
			};
			name = Release;
		};
		E0EA0D5D27BD0A6700F8DF36 /* Debug */ = {
			isa = XCBuildConfiguration;
			buildSettings = {
				ALWAYS_EMBED_SWIFT_STANDARD_LIBRARIES = YES;
				ASSETCATALOG_COMPILER_APPICON_NAME = AppIcon;
				ASSETCATALOG_COMPILER_GLOBAL_ACCENT_COLOR_NAME = AccentColor;
				CODE_SIGN_STYLE = Automatic;
				CURRENT_PROJECT_VERSION = 7;
				DEVELOPMENT_TEAM = K52EJNPD2V;
				GENERATE_INFOPLIST_FILE = YES;
				INFOPLIST_FILE = "iOS (App)/Info.plist";
				INFOPLIST_KEY_CFBundleDisplayName = NightlyORIOKS;
				INFOPLIST_KEY_UIApplicationSupportsIndirectInputEvents = YES;
				INFOPLIST_KEY_UILaunchStoryboardName = LaunchScreen;
				INFOPLIST_KEY_UIMainStoryboardFile = Main;
				INFOPLIST_KEY_UISupportedInterfaceOrientations = "UIInterfaceOrientationPortrait UIInterfaceOrientationLandscapeLeft UIInterfaceOrientationLandscapeRight";
				INFOPLIST_KEY_UISupportedInterfaceOrientations_iPad = "UIInterfaceOrientationPortrait UIInterfaceOrientationPortraitUpsideDown UIInterfaceOrientationLandscapeLeft UIInterfaceOrientationLandscapeRight";
				IPHONEOS_DEPLOYMENT_TARGET = 15.0;
				LD_RUNPATH_SEARCH_PATHS = (
					"$(inherited)",
					"@executable_path/Frameworks",
				);
				MARKETING_VERSION = 1.0.2;
				OTHER_LDFLAGS = (
					"-framework",
					SafariServices,
					"-framework",
					WebKit,
				);
				PRODUCT_BUNDLE_IDENTIFIER = "t-software.DarkOrioks";
				PRODUCT_NAME = NightlyORIOKS;
				SDKROOT = iphoneos;
				SWIFT_EMIT_LOC_STRINGS = YES;
				SWIFT_VERSION = 5.0;
				TARGETED_DEVICE_FAMILY = "1,2";
			};
			name = Debug;
		};
		E0EA0D5E27BD0A6700F8DF36 /* Release */ = {
			isa = XCBuildConfiguration;
			buildSettings = {
				ALWAYS_EMBED_SWIFT_STANDARD_LIBRARIES = YES;
				ASSETCATALOG_COMPILER_APPICON_NAME = AppIcon;
				ASSETCATALOG_COMPILER_GLOBAL_ACCENT_COLOR_NAME = AccentColor;
				CODE_SIGN_STYLE = Automatic;
				CURRENT_PROJECT_VERSION = 7;
				DEVELOPMENT_TEAM = K52EJNPD2V;
				GENERATE_INFOPLIST_FILE = YES;
				INFOPLIST_FILE = "iOS (App)/Info.plist";
				INFOPLIST_KEY_CFBundleDisplayName = NightlyORIOKS;
				INFOPLIST_KEY_UIApplicationSupportsIndirectInputEvents = YES;
				INFOPLIST_KEY_UILaunchStoryboardName = LaunchScreen;
				INFOPLIST_KEY_UIMainStoryboardFile = Main;
				INFOPLIST_KEY_UISupportedInterfaceOrientations = "UIInterfaceOrientationPortrait UIInterfaceOrientationLandscapeLeft UIInterfaceOrientationLandscapeRight";
				INFOPLIST_KEY_UISupportedInterfaceOrientations_iPad = "UIInterfaceOrientationPortrait UIInterfaceOrientationPortraitUpsideDown UIInterfaceOrientationLandscapeLeft UIInterfaceOrientationLandscapeRight";
				IPHONEOS_DEPLOYMENT_TARGET = 15.0;
				LD_RUNPATH_SEARCH_PATHS = (
					"$(inherited)",
					"@executable_path/Frameworks",
				);
				MARKETING_VERSION = 1.0.2;
				OTHER_LDFLAGS = (
					"-framework",
					SafariServices,
					"-framework",
					WebKit,
				);
				PRODUCT_BUNDLE_IDENTIFIER = "t-software.DarkOrioks";
				PRODUCT_NAME = NightlyORIOKS;
				SDKROOT = iphoneos;
				SWIFT_EMIT_LOC_STRINGS = YES;
				SWIFT_VERSION = 5.0;
				TARGETED_DEVICE_FAMILY = "1,2";
				VALIDATE_PRODUCT = YES;
			};
			name = Release;
		};
		E0EA0D6027BD0A6700F8DF36 /* Debug */ = {
			isa = XCBuildConfiguration;
			buildSettings = {
				CODE_SIGN_ENTITLEMENTS = "macOS (Extension)/DarkOrioks.entitlements";
				CODE_SIGN_STYLE = Automatic;
				CURRENT_PROJECT_VERSION = 7;
				DEVELOPMENT_TEAM = K52EJNPD2V;
				ENABLE_HARDENED_RUNTIME = YES;
				GENERATE_INFOPLIST_FILE = YES;
				INFOPLIST_FILE = "macOS (Extension)/Info.plist";
				INFOPLIST_KEY_CFBundleDisplayName = "DarkOrioks Extension";
				INFOPLIST_KEY_NSHumanReadableCopyright = "";
				LD_RUNPATH_SEARCH_PATHS = (
					"$(inherited)",
					"@executable_path/../Frameworks",
					"@executable_path/../../../../Frameworks",
				);
				MACOSX_DEPLOYMENT_TARGET = 10.14;
				MARKETING_VERSION = 1.0.2;
				OTHER_LDFLAGS = (
					"-framework",
					SafariServices,
				);
				PRODUCT_BUNDLE_IDENTIFIER = "t-software.DarkOrioks.Extension";
				PRODUCT_NAME = "NightlyORIOKS Extension";
				SDKROOT = macosx;
				SKIP_INSTALL = YES;
				SWIFT_EMIT_LOC_STRINGS = YES;
				SWIFT_VERSION = 5.0;
			};
			name = Debug;
		};
		E0EA0D6127BD0A6700F8DF36 /* Release */ = {
			isa = XCBuildConfiguration;
			buildSettings = {
				CODE_SIGN_ENTITLEMENTS = "macOS (Extension)/DarkOrioks.entitlements";
				CODE_SIGN_STYLE = Automatic;
				CURRENT_PROJECT_VERSION = 7;
				DEVELOPMENT_TEAM = K52EJNPD2V;
				ENABLE_HARDENED_RUNTIME = YES;
				GENERATE_INFOPLIST_FILE = YES;
				INFOPLIST_FILE = "macOS (Extension)/Info.plist";
				INFOPLIST_KEY_CFBundleDisplayName = "DarkOrioks Extension";
				INFOPLIST_KEY_NSHumanReadableCopyright = "";
				LD_RUNPATH_SEARCH_PATHS = (
					"$(inherited)",
					"@executable_path/../Frameworks",
					"@executable_path/../../../../Frameworks",
				);
				MACOSX_DEPLOYMENT_TARGET = 10.14;
				MARKETING_VERSION = 1.0.2;
				OTHER_LDFLAGS = (
					"-framework",
					SafariServices,
				);
				PRODUCT_BUNDLE_IDENTIFIER = "t-software.DarkOrioks.Extension";
				PRODUCT_NAME = "NightlyORIOKS Extension";
				SDKROOT = macosx;
				SKIP_INSTALL = YES;
				SWIFT_EMIT_LOC_STRINGS = YES;
				SWIFT_VERSION = 5.0;
			};
			name = Release;
		};
		E0EA0D6427BD0A6700F8DF36 /* Debug */ = {
			isa = XCBuildConfiguration;
			buildSettings = {
				ALWAYS_EMBED_SWIFT_STANDARD_LIBRARIES = YES;
				ASSETCATALOG_COMPILER_APPICON_NAME = AppIcon;
				ASSETCATALOG_COMPILER_GLOBAL_ACCENT_COLOR_NAME = AccentColor;
				CODE_SIGN_ENTITLEMENTS = "macOS (App)/DarkOrioks.entitlements";
				CODE_SIGN_STYLE = Automatic;
				CURRENT_PROJECT_VERSION = 7;
				DEVELOPMENT_TEAM = K52EJNPD2V;
				ENABLE_HARDENED_RUNTIME = YES;
				GENERATE_INFOPLIST_FILE = YES;
				INFOPLIST_KEY_CFBundleDisplayName = DarkOrioks;
				INFOPLIST_KEY_LSApplicationCategoryType = "public.app-category.education";
				INFOPLIST_KEY_NSMainStoryboardFile = Main;
				INFOPLIST_KEY_NSPrincipalClass = NSApplication;
				LD_RUNPATH_SEARCH_PATHS = (
					"$(inherited)",
					"@executable_path/../Frameworks",
				);
				MACOSX_DEPLOYMENT_TARGET = 10.14;
				MARKETING_VERSION = 1.0.2;
				OTHER_LDFLAGS = (
					"-framework",
					SafariServices,
					"-framework",
					WebKit,
				);
				PRODUCT_BUNDLE_IDENTIFIER = "t-software.DarkOrioks";
				PRODUCT_NAME = NightlyORIOKS;
				SDKROOT = macosx;
				SWIFT_EMIT_LOC_STRINGS = YES;
				SWIFT_VERSION = 5.0;
			};
			name = Debug;
		};
		E0EA0D6527BD0A6700F8DF36 /* Release */ = {
			isa = XCBuildConfiguration;
			buildSettings = {
				ALWAYS_EMBED_SWIFT_STANDARD_LIBRARIES = YES;
				ASSETCATALOG_COMPILER_APPICON_NAME = AppIcon;
				ASSETCATALOG_COMPILER_GLOBAL_ACCENT_COLOR_NAME = AccentColor;
				CODE_SIGN_ENTITLEMENTS = "macOS (App)/DarkOrioks.entitlements";
				CODE_SIGN_STYLE = Automatic;
				CURRENT_PROJECT_VERSION = 7;
				DEVELOPMENT_TEAM = K52EJNPD2V;
				ENABLE_HARDENED_RUNTIME = YES;
				GENERATE_INFOPLIST_FILE = YES;
				INFOPLIST_KEY_CFBundleDisplayName = DarkOrioks;
				INFOPLIST_KEY_LSApplicationCategoryType = "public.app-category.education";
				INFOPLIST_KEY_NSMainStoryboardFile = Main;
				INFOPLIST_KEY_NSPrincipalClass = NSApplication;
				LD_RUNPATH_SEARCH_PATHS = (
					"$(inherited)",
					"@executable_path/../Frameworks",
				);
				MACOSX_DEPLOYMENT_TARGET = 10.14;
				MARKETING_VERSION = 1.0.2;
				OTHER_LDFLAGS = (
					"-framework",
					SafariServices,
					"-framework",
					WebKit,
				);
				PRODUCT_BUNDLE_IDENTIFIER = "t-software.DarkOrioks";
				PRODUCT_NAME = NightlyORIOKS;
				SDKROOT = macosx;
				SWIFT_EMIT_LOC_STRINGS = YES;
				SWIFT_VERSION = 5.0;
			};
			name = Release;
		};
/* End XCBuildConfiguration section */

/* Begin XCConfigurationList section */
		E0EA0CF027BD0A6400F8DF36 /* Build configuration list for PBXProject "NightlyORIOKS" */ = {
			isa = XCConfigurationList;
			buildConfigurations = (
				E0EA0D5627BD0A6700F8DF36 /* Debug */,
				E0EA0D5727BD0A6700F8DF36 /* Release */,
			);
			defaultConfigurationIsVisible = 0;
			defaultConfigurationName = Release;
		};
		E0EA0D5827BD0A6700F8DF36 /* Build configuration list for PBXNativeTarget "NightlyORIOKS Extension (iOS)" */ = {
			isa = XCConfigurationList;
			buildConfigurations = (
				E0EA0D5927BD0A6700F8DF36 /* Debug */,
				E0EA0D5A27BD0A6700F8DF36 /* Release */,
			);
			defaultConfigurationIsVisible = 0;
			defaultConfigurationName = Release;
		};
		E0EA0D5C27BD0A6700F8DF36 /* Build configuration list for PBXNativeTarget "NightlyORIOKS (iOS)" */ = {
			isa = XCConfigurationList;
			buildConfigurations = (
				E0EA0D5D27BD0A6700F8DF36 /* Debug */,
				E0EA0D5E27BD0A6700F8DF36 /* Release */,
			);
			defaultConfigurationIsVisible = 0;
			defaultConfigurationName = Release;
		};
		E0EA0D5F27BD0A6700F8DF36 /* Build configuration list for PBXNativeTarget "NightlyORIOKS Extension (macOS)" */ = {
			isa = XCConfigurationList;
			buildConfigurations = (
				E0EA0D6027BD0A6700F8DF36 /* Debug */,
				E0EA0D6127BD0A6700F8DF36 /* Release */,
			);
			defaultConfigurationIsVisible = 0;
			defaultConfigurationName = Release;
		};
		E0EA0D6327BD0A6700F8DF36 /* Build configuration list for PBXNativeTarget "NightlyORIOKS (macOS)" */ = {
			isa = XCConfigurationList;
			buildConfigurations = (
				E0EA0D6427BD0A6700F8DF36 /* Debug */,
				E0EA0D6527BD0A6700F8DF36 /* Release */,
			);
			defaultConfigurationIsVisible = 0;
			defaultConfigurationName = Release;
		};
/* End XCConfigurationList section */
	};
	rootObject = E0EA0CED27BD0A6400F8DF36 /* Project object */;
}
